
Microsoft Visual Studio Solution File, Format Version 12.00
# Visual Studio Version 17
VisualStudioVersion = 17.3.32929.385
MinimumVisualStudioVersion = 10.0.40219.1
Project("{8BC9CEB8-8B4A-11D0-8D11-00A0C91BC942}") = "openmp特殊高斯消去", "openmp特殊高斯消去\openmp特殊高斯消去.vcxproj", "{B9C687D6-4C08-4382-9A41-FE8A0C13B846}"
EndProject
Global
	GlobalSection(SolutionConfigurationPlatforms) = preSolution
		Debug|x64 = Debug|x64
		Debug|x86 = Debug|x86
		Release|x64 = Release|x64
		Release|x86 = Release|x86
	EndGlobalSection
	GlobalSection(ProjectConfigurationPlatforms) = postSolution
		{B9C687D6-4C08-4382-9A41-FE8A0C13B846}.Debug|x64.ActiveCfg = Debug|x64
		{B9C687D6-4C08-4382-9A41-FE8A0C13B846}.Debug|x64.Build.0 = Debug|x64
		{B9C687D6-4C08-4382-9A41-FE8A0C13B846}.Debug|x86.ActiveCfg = Debug|Win32
		{B9C687D6-4C08-4382-9A41-FE8A0C13B846}.Debug|x86.Build.0 = Debug|Win32
		{B9C687D6-4C08-4382-9A41-FE8A0C13B846}.Release|x64.ActiveCfg = Release|x64
		{B9C687D6-4C08-4382-9A41-FE8A0C13B846}.Release|x64.Build.0 = Release|x64
		{B9C687D6-4C08-4382-9A41-FE8A0C13B846}.Release|x86.ActiveCfg = Release|Win32
		{B9C687D6-4C08-4382-9A41-FE8A0C13B846}.Release|x86.Build.0 = Release|Win32
	EndGlobalSection
	GlobalSection(SolutionProperties) = preSolution
		HideSolutionNode = FALSE
	EndGlobalSection
	GlobalSection(ExtensibilityGlobals) = postSolution
		SolutionGuid = {FA25A2F1-BD72-45DA-8DDC-D4ACF2E06FF9}
	EndGlobalSection
EndGlobal
